
Microsoft Visual Studio Solution File, Format Version 12.00
# Visual Studio 14
VisualStudioVersion = 14.0.25123.0
MinimumVisualStudioVersion = 10.0.40219.1
Project("{2150E333-8FDC-42A3-9474-1A3956D46DE8}") = "src", "src", "{259C6727-C9DC-4139-83B7-F91653B12CBB}"
EndProject
Project("{2150E333-8FDC-42A3-9474-1A3956D46DE8}") = "test", "test", "{DF6E26E7-6CA0-47D2-B61E-2868C7A8ABE3}"
EndProject
Project("{2150E333-8FDC-42A3-9474-1A3956D46DE8}") = "sample", "sample", "{F13F215E-7397-4F34-8BF5-8BC7C67D4948}"
EndProject
Project("{8BB2217D-0F2D-49D1-97BC-3654ED321F3B}") = "Ardalis.Logging.UnitTests", "test\Ardalis.Logging.UnitTests\Ardalis.Logging.UnitTests.xproj", "{8EF014B3-246F-4B48-AE3F-4041EC0DB251}"
EndProject
Project("{8BB2217D-0F2D-49D1-97BC-3654ED321F3B}") = "Ardalis.Logging", "src\Ardalis.Logging\Ardalis.Logging.xproj", "{14BC21F5-BEF9-4F83-98FE-D520B4552AC8}"
EndProject
Project("{8BB2217D-0F2D-49D1-97BC-3654ED321F3B}") = "ConsoleLoggerSample", "samples\ConsoleLoggerSample\ConsoleLoggerSample.xproj", "{B9B0898F-776B-4D01-8EEE-9B622EEC3B90}"
EndProject
Project("{2150E333-8FDC-42A3-9474-1A3956D46DE8}") = "Solution Items", "Solution Items", "{43D67FAC-8545-4086-BC54-01F0B34D9269}"
	ProjectSection(SolutionItems) = preProject
		global.json = global.json
	EndProjectSection
EndProject
Global
	GlobalSection(SolutionConfigurationPlatforms) = preSolution
		Debug|Any CPU = Debug|Any CPU
		Release|Any CPU = Release|Any CPU
	EndGlobalSection
	GlobalSection(ProjectConfigurationPlatforms) = postSolution
		{8EF014B3-246F-4B48-AE3F-4041EC0DB251}.Debug|Any CPU.ActiveCfg = Debug|Any CPU
		{8EF014B3-246F-4B48-AE3F-4041EC0DB251}.Debug|Any CPU.Build.0 = Debug|Any CPU
		{8EF014B3-246F-4B48-AE3F-4041EC0DB251}.Release|Any CPU.ActiveCfg = Release|Any CPU
		{8EF014B3-246F-4B48-AE3F-4041EC0DB251}.Release|Any CPU.Build.0 = Release|Any CPU
		{14BC21F5-BEF9-4F83-98FE-D520B4552AC8}.Debug|Any CPU.ActiveCfg = Debug|Any CPU
		{14BC21F5-BEF9-4F83-98FE-D520B4552AC8}.Debug|Any CPU.Build.0 = Debug|Any CPU
		{14BC21F5-BEF9-4F83-98FE-D520B4552AC8}.Release|Any CPU.ActiveCfg = Release|Any CPU
		{14BC21F5-BEF9-4F83-98FE-D520B4552AC8}.Release|Any CPU.Build.0 = Release|Any CPU
		{B9B0898F-776B-4D01-8EEE-9B622EEC3B90}.Debug|Any CPU.ActiveCfg = Debug|Any CPU
		{B9B0898F-776B-4D01-8EEE-9B622EEC3B90}.Debug|Any CPU.Build.0 = Debug|Any CPU
		{B9B0898F-776B-4D01-8EEE-9B622EEC3B90}.Release|Any CPU.ActiveCfg = Release|Any CPU
		{B9B0898F-776B-4D01-8EEE-9B622EEC3B90}.Release|Any CPU.Build.0 = Release|Any CPU
	EndGlobalSection
	GlobalSection(SolutionProperties) = preSolution
		HideSolutionNode = FALSE
	EndGlobalSection
	GlobalSection(NestedProjects) = preSolution
		{8EF014B3-246F-4B48-AE3F-4041EC0DB251} = {DF6E26E7-6CA0-47D2-B61E-2868C7A8ABE3}
		{14BC21F5-BEF9-4F83-98FE-D520B4552AC8} = {259C6727-C9DC-4139-83B7-F91653B12CBB}
		{B9B0898F-776B-4D01-8EEE-9B622EEC3B90} = {F13F215E-7397-4F34-8BF5-8BC7C67D4948}
	EndGlobalSection
EndGlobal
